// !$*UTF8*$!
{
	archiveVersion = 1;
	classes = {
	};
	objectVersion = 55;
	objects = {

/* Begin PBXBuildFile section */
		0405440D283880110065EA6F /* APIError.swift in Sources */ = {isa = PBXBuildFile; fileRef = 0405440C283880110065EA6F /* APIError.swift */; };
		0405440F28389AB30065EA6F /* TorrentModel.swift in Sources */ = {isa = PBXBuildFile; fileRef = 0405440E28389AB30065EA6F /* TorrentModel.swift */; };
		04054411283965930065EA6F /* TabsView.swift in Sources */ = {isa = PBXBuildFile; fileRef = 04054410283965930065EA6F /* TabsView.swift */; };
		0422770728351FAD001DF6FD /* DefaultUtils.swift in Sources */ = {isa = PBXBuildFile; fileRef = 0422770628351FAD001DF6FD /* DefaultUtils.swift */; };
		0422770928352019001DF6FD /* SettingModel.swift in Sources */ = {isa = PBXBuildFile; fileRef = 0422770828352019001DF6FD /* SettingModel.swift */; };
		0422770F28372DA4001DF6FD /* MessageBarView.swift in Sources */ = {isa = PBXBuildFile; fileRef = 0422770E28372DA4001DF6FD /* MessageBarView.swift */; };
		0422771128372DCC001DF6FD /* CellInfo.swift in Sources */ = {isa = PBXBuildFile; fileRef = 0422771028372DCC001DF6FD /* CellInfo.swift */; };
		042277132837669C001DF6FD /* MainViewModel.swift in Sources */ = {isa = PBXBuildFile; fileRef = 042277122837669C001DF6FD /* MainViewModel.swift */; };
		0422771628376CF4001DF6FD /* NetworkManager.swift in Sources */ = {isa = PBXBuildFile; fileRef = 0422771528376CF4001DF6FD /* NetworkManager.swift */; };
		0472A596283246950076F39D /* AppDelegate.swift in Sources */ = {isa = PBXBuildFile; fileRef = 0472A595283246950076F39D /* AppDelegate.swift */; };
		0472A598283246950076F39D /* SceneDelegate.swift in Sources */ = {isa = PBXBuildFile; fileRef = 0472A597283246950076F39D /* SceneDelegate.swift */; };
		0472A59A283246950076F39D /* ViewController.swift in Sources */ = {isa = PBXBuildFile; fileRef = 0472A599283246950076F39D /* ViewController.swift */; };
		0472A59D283246950076F39D /* Main.storyboard in Resources */ = {isa = PBXBuildFile; fileRef = 0472A59B283246950076F39D /* Main.storyboard */; };
		0472A59F283246960076F39D /* Assets.xcassets in Resources */ = {isa = PBXBuildFile; fileRef = 0472A59E283246960076F39D /* Assets.xcassets */; };
		0472A5A2283246960076F39D /* LaunchScreen.storyboard in Resources */ = {isa = PBXBuildFile; fileRef = 0472A5A0283246960076F39D /* LaunchScreen.storyboard */; };
		0472A5AD283246960076F39D /* QBittorrentClientTests.swift in Sources */ = {isa = PBXBuildFile; fileRef = 0472A5AC283246960076F39D /* QBittorrentClientTests.swift */; };
		0472A5B7283246960076F39D /* QBittorrentClientUITests.swift in Sources */ = {isa = PBXBuildFile; fileRef = 0472A5B6283246960076F39D /* QBittorrentClientUITests.swift */; };
		0472A5B9283246960076F39D /* QBittorrentClientUITestsLaunchTests.swift in Sources */ = {isa = PBXBuildFile; fileRef = 0472A5B8283246960076F39D /* QBittorrentClientUITestsLaunchTests.swift */; };
		0472A5C7283410CA0076F39D /* MainView.swift in Sources */ = {isa = PBXBuildFile; fileRef = 0472A5C6283410CA0076F39D /* MainView.swift */; };
		0472A5CA283411E70076F39D /* SettingViewModel.swift in Sources */ = {isa = PBXBuildFile; fileRef = 0472A5C9283411E70076F39D /* SettingViewModel.swift */; };
		0472A5CC2834120E0076F39D /* SettingView.swift in Sources */ = {isa = PBXBuildFile; fileRef = 0472A5CB2834120E0076F39D /* SettingView.swift */; };
		0472A5CF283412650076F39D /* BaseButtonView.swift in Sources */ = {isa = PBXBuildFile; fileRef = 0472A5CE283412650076F39D /* BaseButtonView.swift */; };
		0472A5D12834127F0076F39D /* BaseIconView.swift in Sources */ = {isa = PBXBuildFile; fileRef = 0472A5D02834127F0076F39D /* BaseIconView.swift */; };
		0472A5D32834128C0076F39D /* BaseEditingView.swift in Sources */ = {isa = PBXBuildFile; fileRef = 0472A5D22834128C0076F39D /* BaseEditingView.swift */; };
		0472A5D6283413090076F39D /* AppConfig.swift in Sources */ = {isa = PBXBuildFile; fileRef = 0472A5D5283413090076F39D /* AppConfig.swift */; };
		0472A5DB2834146A0076F39D /* R.generated.swift in Sources */ = {isa = PBXBuildFile; fileRef = 0472A5DA2834146A0076F39D /* R.generated.swift */; };
		04A22D20283A8DCD00DC9F0F /* TorrentCellView.swift in Sources */ = {isa = PBXBuildFile; fileRef = 04A22D1F283A8DCD00DC9F0F /* TorrentCellView.swift */; };
		04CBFA2E283A494300A0969A /* SideMenu.swift in Sources */ = {isa = PBXBuildFile; fileRef = 04CBFA2D283A494300A0969A /* SideMenu.swift */; };
		268CE34DEA2207C111210BD0 /* libPods-QBittorrentClient-QBittorrentClientUITests.a in Frameworks */ = {isa = PBXBuildFile; fileRef = 34E7B0729832DDF7BFEF0ABA /* libPods-QBittorrentClient-QBittorrentClientUITests.a */; };
		2C8F0898B8D2EAE5815740AA /* libPods-QBittorrentClientTests.a in Frameworks */ = {isa = PBXBuildFile; fileRef = E3D73C30EC993D096E87E0F1 /* libPods-QBittorrentClientTests.a */; };
		6AF616EA28E44C2900248EE9 /* BaseProtocol.swift in Sources */ = {isa = PBXBuildFile; fileRef = 6AF616E928E44C2900248EE9 /* BaseProtocol.swift */; };
		734241875586E21DD98FC12F /* libPods-QBittorrentClient.a in Frameworks */ = {isa = PBXBuildFile; fileRef = 700CECB0C98C10B4D281ED8A /* libPods-QBittorrentClient.a */; };
/* End PBXBuildFile section */

/* Begin PBXContainerItemProxy section */
		0472A5A9283246960076F39D /* PBXContainerItemProxy */ = {
			isa = PBXContainerItemProxy;
			containerPortal = 0472A58A283246950076F39D /* Project object */;
			proxyType = 1;
			remoteGlobalIDString = 0472A591283246950076F39D;
			remoteInfo = QBittorrentClient;
		};
		0472A5B3283246960076F39D /* PBXContainerItemProxy */ = {
			isa = PBXContainerItemProxy;
			containerPortal = 0472A58A283246950076F39D /* Project object */;
			proxyType = 1;
			remoteGlobalIDString = 0472A591283246950076F39D;
			remoteInfo = QBittorrentClient;
		};
/* End PBXContainerItemProxy section */

/* Begin PBXFileReference section */
		02E5887C05147176A751A4BD /* Pods-QBittorrentClient.debug.xcconfig */ = {isa = PBXFileReference; includeInIndex = 1; lastKnownFileType = text.xcconfig; name = "Pods-QBittorrentClient.debug.xcconfig"; path = "Target Support Files/Pods-QBittorrentClient/Pods-QBittorrentClient.debug.xcconfig"; sourceTree = "<group>"; };
		0405440C283880110065EA6F /* APIError.swift */ = {isa = PBXFileReference; lastKnownFileType = sourcecode.swift; path = APIError.swift; sourceTree = "<group>"; };
		0405440E28389AB30065EA6F /* TorrentModel.swift */ = {isa = PBXFileReference; lastKnownFileType = sourcecode.swift; path = TorrentModel.swift; sourceTree = "<group>"; };
		04054410283965930065EA6F /* TabsView.swift */ = {isa = PBXFileReference; fileEncoding = 4; lastKnownFileType = sourcecode.swift; path = TabsView.swift; sourceTree = "<group>"; };
		0422770628351FAD001DF6FD /* DefaultUtils.swift */ = {isa = PBXFileReference; lastKnownFileType = sourcecode.swift; path = DefaultUtils.swift; sourceTree = "<group>"; };
		0422770828352019001DF6FD /* SettingModel.swift */ = {isa = PBXFileReference; lastKnownFileType = sourcecode.swift; path = SettingModel.swift; sourceTree = "<group>"; };
		0422770E28372DA4001DF6FD /* MessageBarView.swift */ = {isa = PBXFileReference; fileEncoding = 4; lastKnownFileType = sourcecode.swift; path = MessageBarView.swift; sourceTree = "<group>"; };
		0422771028372DCC001DF6FD /* CellInfo.swift */ = {isa = PBXFileReference; fileEncoding = 4; lastKnownFileType = sourcecode.swift; path = CellInfo.swift; sourceTree = "<group>"; };
		042277122837669C001DF6FD /* MainViewModel.swift */ = {isa = PBXFileReference; lastKnownFileType = sourcecode.swift; path = MainViewModel.swift; sourceTree = "<group>"; };
		0422771528376CF4001DF6FD /* NetworkManager.swift */ = {isa = PBXFileReference; lastKnownFileType = sourcecode.swift; path = NetworkManager.swift; sourceTree = "<group>"; };
		0472A592283246950076F39D /* QBittorrentClient.app */ = {isa = PBXFileReference; explicitFileType = wrapper.application; includeInIndex = 0; path = QBittorrentClient.app; sourceTree = BUILT_PRODUCTS_DIR; };
		0472A595283246950076F39D /* AppDelegate.swift */ = {isa = PBXFileReference; lastKnownFileType = sourcecode.swift; path = AppDelegate.swift; sourceTree = "<group>"; };
		0472A597283246950076F39D /* SceneDelegate.swift */ = {isa = PBXFileReference; lastKnownFileType = sourcecode.swift; path = SceneDelegate.swift; sourceTree = "<group>"; };
		0472A599283246950076F39D /* ViewController.swift */ = {isa = PBXFileReference; lastKnownFileType = sourcecode.swift; path = ViewController.swift; sourceTree = "<group>"; };
		0472A59C283246950076F39D /* Base */ = {isa = PBXFileReference; lastKnownFileType = file.storyboard; name = Base; path = Base.lproj/Main.storyboard; sourceTree = "<group>"; };
		0472A59E283246960076F39D /* Assets.xcassets */ = {isa = PBXFileReference; lastKnownFileType = folder.assetcatalog; path = Assets.xcassets; sourceTree = "<group>"; };
		0472A5A1283246960076F39D /* Base */ = {isa = PBXFileReference; lastKnownFileType = file.storyboard; name = Base; path = Base.lproj/LaunchScreen.storyboard; sourceTree = "<group>"; };
		0472A5A3283246960076F39D /* Info.plist */ = {isa = PBXFileReference; lastKnownFileType = text.plist.xml; path = Info.plist; sourceTree = "<group>"; };
		0472A5A8283246960076F39D /* QBittorrentClientTests.xctest */ = {isa = PBXFileReference; explicitFileType = wrapper.cfbundle; includeInIndex = 0; path = QBittorrentClientTests.xctest; sourceTree = BUILT_PRODUCTS_DIR; };
		0472A5AC283246960076F39D /* QBittorrentClientTests.swift */ = {isa = PBXFileReference; lastKnownFileType = sourcecode.swift; path = QBittorrentClientTests.swift; sourceTree = "<group>"; };
		0472A5B2283246960076F39D /* QBittorrentClientUITests.xctest */ = {isa = PBXFileReference; explicitFileType = wrapper.cfbundle; includeInIndex = 0; path = QBittorrentClientUITests.xctest; sourceTree = BUILT_PRODUCTS_DIR; };
		0472A5B6283246960076F39D /* QBittorrentClientUITests.swift */ = {isa = PBXFileReference; lastKnownFileType = sourcecode.swift; path = QBittorrentClientUITests.swift; sourceTree = "<group>"; };
		0472A5B8283246960076F39D /* QBittorrentClientUITestsLaunchTests.swift */ = {isa = PBXFileReference; lastKnownFileType = sourcecode.swift; path = QBittorrentClientUITestsLaunchTests.swift; sourceTree = "<group>"; };
		0472A5C6283410CA0076F39D /* MainView.swift */ = {isa = PBXFileReference; lastKnownFileType = sourcecode.swift; path = MainView.swift; sourceTree = "<group>"; };
		0472A5C9283411E70076F39D /* SettingViewModel.swift */ = {isa = PBXFileReference; lastKnownFileType = sourcecode.swift; path = SettingViewModel.swift; sourceTree = "<group>"; };
		0472A5CB2834120E0076F39D /* SettingView.swift */ = {isa = PBXFileReference; lastKnownFileType = sourcecode.swift; path = SettingView.swift; sourceTree = "<group>"; };
		0472A5CE283412650076F39D /* BaseButtonView.swift */ = {isa = PBXFileReference; fileEncoding = 4; lastKnownFileType = sourcecode.swift; path = BaseButtonView.swift; sourceTree = "<group>"; };
		0472A5D02834127F0076F39D /* BaseIconView.swift */ = {isa = PBXFileReference; fileEncoding = 4; lastKnownFileType = sourcecode.swift; path = BaseIconView.swift; sourceTree = "<group>"; };
		0472A5D22834128C0076F39D /* BaseEditingView.swift */ = {isa = PBXFileReference; fileEncoding = 4; lastKnownFileType = sourcecode.swift; path = BaseEditingView.swift; sourceTree = "<group>"; };
		0472A5D5283413090076F39D /* AppConfig.swift */ = {isa = PBXFileReference; lastKnownFileType = sourcecode.swift; path = AppConfig.swift; sourceTree = "<group>"; };
		0472A5DA2834146A0076F39D /* R.generated.swift */ = {isa = PBXFileReference; fileEncoding = 4; lastKnownFileType = sourcecode.swift; path = R.generated.swift; sourceTree = SOURCE_ROOT; };
		04A22D1F283A8DCD00DC9F0F /* TorrentCellView.swift */ = {isa = PBXFileReference; lastKnownFileType = sourcecode.swift; path = TorrentCellView.swift; sourceTree = "<group>"; };
		04CBFA2D283A494300A0969A /* SideMenu.swift */ = {isa = PBXFileReference; lastKnownFileType = sourcecode.swift; path = SideMenu.swift; sourceTree = "<group>"; };
		06DFCA655F238E47D1872B68 /* Pods-QBittorrentClientTests.release.xcconfig */ = {isa = PBXFileReference; includeInIndex = 1; lastKnownFileType = text.xcconfig; name = "Pods-QBittorrentClientTests.release.xcconfig"; path = "Target Support Files/Pods-QBittorrentClientTests/Pods-QBittorrentClientTests.release.xcconfig"; sourceTree = "<group>"; };
		193BB4A99E58124A406D743C /* Pods-QBittorrentClient.release.xcconfig */ = {isa = PBXFileReference; includeInIndex = 1; lastKnownFileType = text.xcconfig; name = "Pods-QBittorrentClient.release.xcconfig"; path = "Target Support Files/Pods-QBittorrentClient/Pods-QBittorrentClient.release.xcconfig"; sourceTree = "<group>"; };
		34E7B0729832DDF7BFEF0ABA /* libPods-QBittorrentClient-QBittorrentClientUITests.a */ = {isa = PBXFileReference; explicitFileType = archive.ar; includeInIndex = 0; path = "libPods-QBittorrentClient-QBittorrentClientUITests.a"; sourceTree = BUILT_PRODUCTS_DIR; };
		6AF616E928E44C2900248EE9 /* BaseProtocol.swift */ = {isa = PBXFileReference; lastKnownFileType = sourcecode.swift; path = BaseProtocol.swift; sourceTree = "<group>"; };
		6CEECBE278EB1C60FE184D5A /* Pods-QBittorrentClientTests.debug.xcconfig */ = {isa = PBXFileReference; includeInIndex = 1; lastKnownFileType = text.xcconfig; name = "Pods-QBittorrentClientTests.debug.xcconfig"; path = "Target Support Files/Pods-QBittorrentClientTests/Pods-QBittorrentClientTests.debug.xcconfig"; sourceTree = "<group>"; };
		700CECB0C98C10B4D281ED8A /* libPods-QBittorrentClient.a */ = {isa = PBXFileReference; explicitFileType = archive.ar; includeInIndex = 0; path = "libPods-QBittorrentClient.a"; sourceTree = BUILT_PRODUCTS_DIR; };
		76CA01A16C12C111C11C33BA /* Pods-QBittorrentClient-QBittorrentClientUITests.release.xcconfig */ = {isa = PBXFileReference; includeInIndex = 1; lastKnownFileType = text.xcconfig; name = "Pods-QBittorrentClient-QBittorrentClientUITests.release.xcconfig"; path = "Target Support Files/Pods-QBittorrentClient-QBittorrentClientUITests/Pods-QBittorrentClient-QBittorrentClientUITests.release.xcconfig"; sourceTree = "<group>"; };
		CD18A19631EDAB830DCB43DC /* Pods-QBittorrentClient-QBittorrentClientUITests.debug.xcconfig */ = {isa = PBXFileReference; includeInIndex = 1; lastKnownFileType = text.xcconfig; name = "Pods-QBittorrentClient-QBittorrentClientUITests.debug.xcconfig"; path = "Target Support Files/Pods-QBittorrentClient-QBittorrentClientUITests/Pods-QBittorrentClient-QBittorrentClientUITests.debug.xcconfig"; sourceTree = "<group>"; };
		E3D73C30EC993D096E87E0F1 /* libPods-QBittorrentClientTests.a */ = {isa = PBXFileReference; explicitFileType = archive.ar; includeInIndex = 0; path = "libPods-QBittorrentClientTests.a"; sourceTree = BUILT_PRODUCTS_DIR; };
/* End PBXFileReference section */

/* Begin PBXFrameworksBuildPhase section */
		0472A58F283246950076F39D /* Frameworks */ = {
			isa = PBXFrameworksBuildPhase;
			buildActionMask = 2147483647;
			files = (
				734241875586E21DD98FC12F /* libPods-QBittorrentClient.a in Frameworks */,
			);
			runOnlyForDeploymentPostprocessing = 0;
		};
		0472A5A5283246960076F39D /* Frameworks */ = {
			isa = PBXFrameworksBuildPhase;
			buildActionMask = 2147483647;
			files = (
				2C8F0898B8D2EAE5815740AA /* libPods-QBittorrentClientTests.a in Frameworks */,
			);
			runOnlyForDeploymentPostprocessing = 0;
		};
		0472A5AF283246960076F39D /* Frameworks */ = {
			isa = PBXFrameworksBuildPhase;
			buildActionMask = 2147483647;
			files = (
				268CE34DEA2207C111210BD0 /* libPods-QBittorrentClient-QBittorrentClientUITests.a in Frameworks */,
			);
			runOnlyForDeploymentPostprocessing = 0;
		};
/* End PBXFrameworksBuildPhase section */

/* Begin PBXGroup section */
		0422770528351FA2001DF6FD /* Utils */ = {
			isa = PBXGroup;
			children = (
				0422770628351FAD001DF6FD /* DefaultUtils.swift */,
			);
			path = Utils;
			sourceTree = "<group>";
		};
		0422771428376CE6001DF6FD /* Manager */ = {
			isa = PBXGroup;
			children = (
				0422771528376CF4001DF6FD /* NetworkManager.swift */,
			);
			path = Manager;
			sourceTree = "<group>";
		};
		0472A589283246950076F39D = {
			isa = PBXGroup;
			children = (
				0472A5DA2834146A0076F39D /* R.generated.swift */,
				0472A594283246950076F39D /* QBittorrentClient */,
				0472A5AB283246960076F39D /* QBittorrentClientTests */,
				0472A5B5283246960076F39D /* QBittorrentClientUITests */,
				0472A593283246950076F39D /* Products */,
				10589C676FE2CDDF7C6A06F8 /* Pods */,
				D72E119DA5F1442506ACCE87 /* Frameworks */,
			);
			sourceTree = "<group>";
		};
		0472A593283246950076F39D /* Products */ = {
			isa = PBXGroup;
			children = (
				0472A592283246950076F39D /* QBittorrentClient.app */,
				0472A5A8283246960076F39D /* QBittorrentClientTests.xctest */,
				0472A5B2283246960076F39D /* QBittorrentClientUITests.xctest */,
			);
			name = Products;
			sourceTree = "<group>";
		};
		0472A594283246950076F39D /* QBittorrentClient */ = {
			isa = PBXGroup;
			children = (
				6AF616E928E44C2900248EE9 /* BaseProtocol.swift */,
				0422771428376CE6001DF6FD /* Manager */,
				0422770528351FA2001DF6FD /* Utils */,
				0472A5D4283412FC0076F39D /* Model */,
				0472A5C8283411BF0076F39D /* ViewModel */,
				0472A5C5283410BB0076F39D /* View */,
				0472A595283246950076F39D /* AppDelegate.swift */,
				0472A597283246950076F39D /* SceneDelegate.swift */,
				0472A599283246950076F39D /* ViewController.swift */,
				0472A59B283246950076F39D /* Main.storyboard */,
				0472A59E283246960076F39D /* Assets.xcassets */,
				0472A5A0283246960076F39D /* LaunchScreen.storyboard */,
				0472A5A3283246960076F39D /* Info.plist */,
			);
			path = QBittorrentClient;
			sourceTree = "<group>";
		};
		0472A5AB283246960076F39D /* QBittorrentClientTests */ = {
			isa = PBXGroup;
			children = (
				0472A5AC283246960076F39D /* QBittorrentClientTests.swift */,
			);
			path = QBittorrentClientTests;
			sourceTree = "<group>";
		};
		0472A5B5283246960076F39D /* QBittorrentClientUITests */ = {
			isa = PBXGroup;
			children = (
				0472A5B6283246960076F39D /* QBittorrentClientUITests.swift */,
				0472A5B8283246960076F39D /* QBittorrentClientUITestsLaunchTests.swift */,
			);
			path = QBittorrentClientUITests;
			sourceTree = "<group>";
		};
		0472A5C5283410BB0076F39D /* View */ = {
			isa = PBXGroup;
			children = (
				0472A5CD2834125A0076F39D /* BaseView */,
				0472A5C6283410CA0076F39D /* MainView.swift */,
				0472A5CB2834120E0076F39D /* SettingView.swift */,
				04CBFA2D283A494300A0969A /* SideMenu.swift */,
				04A22D1F283A8DCD00DC9F0F /* TorrentCellView.swift */,
			);
			path = View;
			sourceTree = "<group>";
		};
		0472A5C8283411BF0076F39D /* ViewModel */ = {
			isa = PBXGroup;
			children = (
				0472A5C9283411E70076F39D /* SettingViewModel.swift */,
				042277122837669C001DF6FD /* MainViewModel.swift */,
			);
			path = ViewModel;
			sourceTree = "<group>";
		};
		0472A5CD2834125A0076F39D /* BaseView */ = {
			isa = PBXGroup;
			children = (
				04054410283965930065EA6F /* TabsView.swift */,
				0422770E28372DA4001DF6FD /* MessageBarView.swift */,
				0472A5D22834128C0076F39D /* BaseEditingView.swift */,
				0472A5D02834127F0076F39D /* BaseIconView.swift */,
				0472A5CE283412650076F39D /* BaseButtonView.swift */,
			);
			path = BaseView;
			sourceTree = "<group>";
		};
		0472A5D4283412FC0076F39D /* Model */ = {
			isa = PBXGroup;
			children = (
				0422771028372DCC001DF6FD /* CellInfo.swift */,
				0472A5D5283413090076F39D /* AppConfig.swift */,
				0422770828352019001DF6FD /* SettingModel.swift */,
				0405440C283880110065EA6F /* APIError.swift */,
				0405440E28389AB30065EA6F /* TorrentModel.swift */,
			);
			path = Model;
			sourceTree = "<group>";
		};
		10589C676FE2CDDF7C6A06F8 /* Pods */ = {
			isa = PBXGroup;
			children = (
				02E5887C05147176A751A4BD /* Pods-QBittorrentClient.debug.xcconfig */,
				193BB4A99E58124A406D743C /* Pods-QBittorrentClient.release.xcconfig */,
				CD18A19631EDAB830DCB43DC /* Pods-QBittorrentClient-QBittorrentClientUITests.debug.xcconfig */,
				76CA01A16C12C111C11C33BA /* Pods-QBittorrentClient-QBittorrentClientUITests.release.xcconfig */,
				6CEECBE278EB1C60FE184D5A /* Pods-QBittorrentClientTests.debug.xcconfig */,
				06DFCA655F238E47D1872B68 /* Pods-QBittorrentClientTests.release.xcconfig */,
			);
			path = Pods;
			sourceTree = "<group>";
		};
		D72E119DA5F1442506ACCE87 /* Frameworks */ = {
			isa = PBXGroup;
			children = (
				700CECB0C98C10B4D281ED8A /* libPods-QBittorrentClient.a */,
				34E7B0729832DDF7BFEF0ABA /* libPods-QBittorrentClient-QBittorrentClientUITests.a */,
				E3D73C30EC993D096E87E0F1 /* libPods-QBittorrentClientTests.a */,
			);
			name = Frameworks;
			sourceTree = "<group>";
		};
/* End PBXGroup section */

/* Begin PBXNativeTarget section */
		0472A591283246950076F39D /* QBittorrentClient */ = {
			isa = PBXNativeTarget;
			buildConfigurationList = 0472A5BC283246960076F39D /* Build configuration list for PBXNativeTarget "QBittorrentClient" */;
			buildPhases = (
				CE40084472B1D8B0AC73E7AE /* [CP] Check Pods Manifest.lock */,
				0472A5D9283414260076F39D /* ShellScript */,
				0472A58E283246950076F39D /* Sources */,
				0472A58F283246950076F39D /* Frameworks */,
				0472A590283246950076F39D /* Resources */,
			);
			buildRules = (
			);
			dependencies = (
			);
			name = QBittorrentClient;
			productName = QBittorrentClient;
			productReference = 0472A592283246950076F39D /* QBittorrentClient.app */;
			productType = "com.apple.product-type.application";
		};
		0472A5A7283246960076F39D /* QBittorrentClientTests */ = {
			isa = PBXNativeTarget;
			buildConfigurationList = 0472A5BF283246960076F39D /* Build configuration list for PBXNativeTarget "QBittorrentClientTests" */;
			buildPhases = (
				5F3BFC56ECCA6749D888221C /* [CP] Check Pods Manifest.lock */,
				0472A5A4283246960076F39D /* Sources */,
				0472A5A5283246960076F39D /* Frameworks */,
				0472A5A6283246960076F39D /* Resources */,
			);
			buildRules = (
			);
			dependencies = (
				0472A5AA283246960076F39D /* PBXTargetDependency */,
			);
			name = QBittorrentClientTests;
			productName = QBittorrentClientTests;
			productReference = 0472A5A8283246960076F39D /* QBittorrentClientTests.xctest */;
			productType = "com.apple.product-type.bundle.unit-test";
		};
		0472A5B1283246960076F39D /* QBittorrentClientUITests */ = {
			isa = PBXNativeTarget;
			buildConfigurationList = 0472A5C2283246960076F39D /* Build configuration list for PBXNativeTarget "QBittorrentClientUITests" */;
			buildPhases = (
				39A1D913BA3A3CDE28623802 /* [CP] Check Pods Manifest.lock */,
				0472A5AE283246960076F39D /* Sources */,
				0472A5AF283246960076F39D /* Frameworks */,
				0472A5B0283246960076F39D /* Resources */,
			);
			buildRules = (
			);
			dependencies = (
				0472A5B4283246960076F39D /* PBXTargetDependency */,
			);
			name = QBittorrentClientUITests;
			productName = QBittorrentClientUITests;
			productReference = 0472A5B2283246960076F39D /* QBittorrentClientUITests.xctest */;
			productType = "com.apple.product-type.bundle.ui-testing";
		};
/* End PBXNativeTarget section */

/* Begin PBXProject section */
		0472A58A283246950076F39D /* Project object */ = {
			isa = PBXProject;
			attributes = {
				BuildIndependentTargetsInParallel = 1;
				LastSwiftUpdateCheck = 1300;
				LastUpgradeCheck = 1300;
				TargetAttributes = {
					0472A591283246950076F39D = {
						CreatedOnToolsVersion = 13.0;
					};
					0472A5A7283246960076F39D = {
						CreatedOnToolsVersion = 13.0;
						TestTargetID = 0472A591283246950076F39D;
					};
					0472A5B1283246960076F39D = {
						CreatedOnToolsVersion = 13.0;
						TestTargetID = 0472A591283246950076F39D;
					};
				};
			};
			buildConfigurationList = 0472A58D283246950076F39D /* Build configuration list for PBXProject "QBittorrentClient" */;
			compatibilityVersion = "Xcode 13.0";
			developmentRegion = en;
			hasScannedForEncodings = 0;
			knownRegions = (
				en,
				Base,
			);
			mainGroup = 0472A589283246950076F39D;
			productRefGroup = 0472A593283246950076F39D /* Products */;
			projectDirPath = "";
			projectRoot = "";
			targets = (
				0472A591283246950076F39D /* QBittorrentClient */,
				0472A5A7283246960076F39D /* QBittorrentClientTests */,
				0472A5B1283246960076F39D /* QBittorrentClientUITests */,
			);
		};
/* End PBXProject section */

/* Begin PBXResourcesBuildPhase section */
		0472A590283246950076F39D /* Resources */ = {
			isa = PBXResourcesBuildPhase;
			buildActionMask = 2147483647;
			files = (
				0472A5A2283246960076F39D /* LaunchScreen.storyboard in Resources */,
				0472A59F283246960076F39D /* Assets.xcassets in Resources */,
				0472A59D283246950076F39D /* Main.storyboard in Resources */,
			);
			runOnlyForDeploymentPostprocessing = 0;
		};
		0472A5A6283246960076F39D /* Resources */ = {
			isa = PBXResourcesBuildPhase;
			buildActionMask = 2147483647;
			files = (
			);
			runOnlyForDeploymentPostprocessing = 0;
		};
		0472A5B0283246960076F39D /* Resources */ = {
			isa = PBXResourcesBuildPhase;
			buildActionMask = 2147483647;
			files = (
			);
			runOnlyForDeploymentPostprocessing = 0;
		};
/* End PBXResourcesBuildPhase section */

/* Begin PBXShellScriptBuildPhase section */
		0472A5D9283414260076F39D /* ShellScript */ = {
			isa = PBXShellScriptBuildPhase;
			alwaysOutOfDate = 1;
			buildActionMask = 2147483647;
			files = (
			);
			inputFileListPaths = (
			);
			inputPaths = (
			);
			outputFileListPaths = (
			);
			outputPaths = (
				$SRCROOT/R.generated.swift,
			);
			runOnlyForDeploymentPostprocessing = 0;
			shellPath = /bin/sh;
			shellScript = "\"$PODS_ROOT/R.swift/rswift\" generate \"$SRCROOT/R.generated.swift\"\n";
		};
		39A1D913BA3A3CDE28623802 /* [CP] Check Pods Manifest.lock */ = {
			isa = PBXShellScriptBuildPhase;
			buildActionMask = 2147483647;
			files = (
			);
			inputFileListPaths = (
			);
			inputPaths = (
				"${PODS_PODFILE_DIR_PATH}/Podfile.lock",
				"${PODS_ROOT}/Manifest.lock",
			);
			name = "[CP] Check Pods Manifest.lock";
			outputFileListPaths = (
			);
			outputPaths = (
				"$(DERIVED_FILE_DIR)/Pods-QBittorrentClient-QBittorrentClientUITests-checkManifestLockResult.txt",
			);
			runOnlyForDeploymentPostprocessing = 0;
			shellPath = /bin/sh;
			shellScript = "diff \"${PODS_PODFILE_DIR_PATH}/Podfile.lock\" \"${PODS_ROOT}/Manifest.lock\" > /dev/null\nif [ $? != 0 ] ; then\n    # print error to STDERR\n    echo \"error: The sandbox is not in sync with the Podfile.lock. Run 'pod install' or update your CocoaPods installation.\" >&2\n    exit 1\nfi\n# This output is used by Xcode 'outputs' to avoid re-running this script phase.\necho \"SUCCESS\" > \"${SCRIPT_OUTPUT_FILE_0}\"\n";
			showEnvVarsInLog = 0;
		};
		5F3BFC56ECCA6749D888221C /* [CP] Check Pods Manifest.lock */ = {
			isa = PBXShellScriptBuildPhase;
			buildActionMask = 2147483647;
			files = (
			);
			inputFileListPaths = (
			);
			inputPaths = (
				"${PODS_PODFILE_DIR_PATH}/Podfile.lock",
				"${PODS_ROOT}/Manifest.lock",
			);
			name = "[CP] Check Pods Manifest.lock";
			outputFileListPaths = (
			);
			outputPaths = (
				"$(DERIVED_FILE_DIR)/Pods-QBittorrentClientTests-checkManifestLockResult.txt",
			);
			runOnlyForDeploymentPostprocessing = 0;
			shellPath = /bin/sh;
			shellScript = "diff \"${PODS_PODFILE_DIR_PATH}/Podfile.lock\" \"${PODS_ROOT}/Manifest.lock\" > /dev/null\nif [ $? != 0 ] ; then\n    # print error to STDERR\n    echo \"error: The sandbox is not in sync with the Podfile.lock. Run 'pod install' or update your CocoaPods installation.\" >&2\n    exit 1\nfi\n# This output is used by Xcode 'outputs' to avoid re-running this script phase.\necho \"SUCCESS\" > \"${SCRIPT_OUTPUT_FILE_0}\"\n";
			showEnvVarsInLog = 0;
		};
		CE40084472B1D8B0AC73E7AE /* [CP] Check Pods Manifest.lock */ = {
			isa = PBXShellScriptBuildPhase;
			buildActionMask = 2147483647;
			files = (
			);
			inputFileListPaths = (
			);
			inputPaths = (
				"${PODS_PODFILE_DIR_PATH}/Podfile.lock",
				"${PODS_ROOT}/Manifest.lock",
			);
			name = "[CP] Check Pods Manifest.lock";
			outputFileListPaths = (
			);
			outputPaths = (
				"$(DERIVED_FILE_DIR)/Pods-QBittorrentClient-checkManifestLockResult.txt",
			);
			runOnlyForDeploymentPostprocessing = 0;
			shellPath = /bin/sh;
			shellScript = "diff \"${PODS_PODFILE_DIR_PATH}/Podfile.lock\" \"${PODS_ROOT}/Manifest.lock\" > /dev/null\nif [ $? != 0 ] ; then\n    # print error to STDERR\n    echo \"error: The sandbox is not in sync with the Podfile.lock. Run 'pod install' or update your CocoaPods installation.\" >&2\n    exit 1\nfi\n# This output is used by Xcode 'outputs' to avoid re-running this script phase.\necho \"SUCCESS\" > \"${SCRIPT_OUTPUT_FILE_0}\"\n";
			showEnvVarsInLog = 0;
		};
/* End PBXShellScriptBuildPhase section */

/* Begin PBXSourcesBuildPhase section */
		0472A58E283246950076F39D /* Sources */ = {
			isa = PBXSourcesBuildPhase;
			buildActionMask = 2147483647;
			files = (
				0472A5CA283411E70076F39D /* SettingViewModel.swift in Sources */,
				0472A5D6283413090076F39D /* AppConfig.swift in Sources */,
				0472A59A283246950076F39D /* ViewController.swift in Sources */,
				04A22D20283A8DCD00DC9F0F /* TorrentCellView.swift in Sources */,
				04CBFA2E283A494300A0969A /* SideMenu.swift in Sources */,
				0405440F28389AB30065EA6F /* TorrentModel.swift in Sources */,
				6AF616EA28E44C2900248EE9 /* BaseProtocol.swift in Sources */,
				0422771128372DCC001DF6FD /* CellInfo.swift in Sources */,
				0472A5C7283410CA0076F39D /* MainView.swift in Sources */,
				0472A5CC2834120E0076F39D /* SettingView.swift in Sources */,
				0472A5D32834128C0076F39D /* BaseEditingView.swift in Sources */,
				0472A5D12834127F0076F39D /* BaseIconView.swift in Sources */,
				0422770928352019001DF6FD /* SettingModel.swift in Sources */,
				0422770F28372DA4001DF6FD /* MessageBarView.swift in Sources */,
				0422771628376CF4001DF6FD /* NetworkManager.swift in Sources */,
				0472A596283246950076F39D /* AppDelegate.swift in Sources */,
				0472A598283246950076F39D /* SceneDelegate.swift in Sources */,
				04054411283965930065EA6F /* TabsView.swift in Sources */,
				0472A5DB2834146A0076F39D /* R.generated.swift in Sources */,
				0472A5CF283412650076F39D /* BaseButtonView.swift in Sources */,
				0422770728351FAD001DF6FD /* DefaultUtils.swift in Sources */,
				042277132837669C001DF6FD /* MainViewModel.swift in Sources */,
				0405440D283880110065EA6F /* APIError.swift in Sources */,
			);
			runOnlyForDeploymentPostprocessing = 0;
		};
		0472A5A4283246960076F39D /* Sources */ = {
			isa = PBXSourcesBuildPhase;
			buildActionMask = 2147483647;
			files = (
				0472A5AD283246960076F39D /* QBittorrentClientTests.swift in Sources */,
			);
			runOnlyForDeploymentPostprocessing = 0;
		};
		0472A5AE283246960076F39D /* Sources */ = {
			isa = PBXSourcesBuildPhase;
			buildActionMask = 2147483647;
			files = (
				0472A5B9283246960076F39D /* QBittorrentClientUITestsLaunchTests.swift in Sources */,
				0472A5B7283246960076F39D /* QBittorrentClientUITests.swift in Sources */,
			);
			runOnlyForDeploymentPostprocessing = 0;
		};
/* End PBXSourcesBuildPhase section */

/* Begin PBXTargetDependency section */
		0472A5AA283246960076F39D /* PBXTargetDependency */ = {
			isa = PBXTargetDependency;
			target = 0472A591283246950076F39D /* QBittorrentClient */;
			targetProxy = 0472A5A9283246960076F39D /* PBXContainerItemProxy */;
		};
		0472A5B4283246960076F39D /* PBXTargetDependency */ = {
			isa = PBXTargetDependency;
			target = 0472A591283246950076F39D /* QBittorrentClient */;
			targetProxy = 0472A5B3283246960076F39D /* PBXContainerItemProxy */;
		};
/* End PBXTargetDependency section */

/* Begin PBXVariantGroup section */
		0472A59B283246950076F39D /* Main.storyboard */ = {
			isa = PBXVariantGroup;
			children = (
				0472A59C283246950076F39D /* Base */,
			);
			name = Main.storyboard;
			sourceTree = "<group>";
		};
		0472A5A0283246960076F39D /* LaunchScreen.storyboard */ = {
			isa = PBXVariantGroup;
			children = (
				0472A5A1283246960076F39D /* Base */,
			);
			name = LaunchScreen.storyboard;
			sourceTree = "<group>";
		};
/* End PBXVariantGroup section */

/* Begin XCBuildConfiguration section */
		0472A5BA283246960076F39D /* Debug */ = {
			isa = XCBuildConfiguration;
			buildSettings = {
				ALWAYS_SEARCH_USER_PATHS = NO;
				CLANG_ANALYZER_NONNULL = YES;
				CLANG_ANALYZER_NUMBER_OBJECT_CONVERSION = YES_AGGRESSIVE;
				CLANG_CXX_LANGUAGE_STANDARD = "gnu++17";
				CLANG_CXX_LIBRARY = "libc++";
				CLANG_ENABLE_MODULES = YES;
				CLANG_ENABLE_OBJC_ARC = YES;
				CLANG_ENABLE_OBJC_WEAK = YES;
				CLANG_WARN_BLOCK_CAPTURE_AUTORELEASING = YES;
				CLANG_WARN_BOOL_CONVERSION = YES;
				CLANG_WARN_COMMA = YES;
				CLANG_WARN_CONSTANT_CONVERSION = YES;
				CLANG_WARN_DEPRECATED_OBJC_IMPLEMENTATIONS = YES;
				CLANG_WARN_DIRECT_OBJC_ISA_USAGE = YES_ERROR;
				CLANG_WARN_DOCUMENTATION_COMMENTS = YES;
				CLANG_WARN_EMPTY_BODY = YES;
				CLANG_WARN_ENUM_CONVERSION = YES;
				CLANG_WARN_INFINITE_RECURSION = YES;
				CLANG_WARN_INT_CONVERSION = YES;
				CLANG_WARN_NON_LITERAL_NULL_CONVERSION = YES;
				CLANG_WARN_OBJC_IMPLICIT_RETAIN_SELF = YES;
				CLANG_WARN_OBJC_LITERAL_CONVERSION = YES;
				CLANG_WARN_OBJC_ROOT_CLASS = YES_ERROR;
				CLANG_WARN_QUOTED_INCLUDE_IN_FRAMEWORK_HEADER = YES;
				CLANG_WARN_RANGE_LOOP_ANALYSIS = YES;
				CLANG_WARN_STRICT_PROTOTYPES = YES;
				CLANG_WARN_SUSPICIOUS_MOVE = YES;
				CLANG_WARN_UNGUARDED_AVAILABILITY = YES_AGGRESSIVE;
				CLANG_WARN_UNREACHABLE_CODE = YES;
				CLANG_WARN__DUPLICATE_METHOD_MATCH = YES;
				COPY_PHASE_STRIP = NO;
				DEBUG_INFORMATION_FORMAT = dwarf;
				ENABLE_STRICT_OBJC_MSGSEND = YES;
				ENABLE_TESTABILITY = YES;
				GCC_C_LANGUAGE_STANDARD = gnu11;
				GCC_DYNAMIC_NO_PIC = NO;
				GCC_NO_COMMON_BLOCKS = YES;
				GCC_OPTIMIZATION_LEVEL = 0;
				GCC_PREPROCESSOR_DEFINITIONS = (
					"DEBUG=1",
					"$(inherited)",
				);
				GCC_WARN_64_TO_32_BIT_CONVERSION = YES;
				GCC_WARN_ABOUT_RETURN_TYPE = YES_ERROR;
				GCC_WARN_UNDECLARED_SELECTOR = YES;
				GCC_WARN_UNINITIALIZED_AUTOS = YES_AGGRESSIVE;
				GCC_WARN_UNUSED_FUNCTION = YES;
				GCC_WARN_UNUSED_VARIABLE = YES;
				IPHONEOS_DEPLOYMENT_TARGET = 15.0;
				MTL_ENABLE_DEBUG_INFO = INCLUDE_SOURCE;
				MTL_FAST_MATH = YES;
				ONLY_ACTIVE_ARCH = YES;
				SDKROOT = iphoneos;
				SWIFT_ACTIVE_COMPILATION_CONDITIONS = DEBUG;
				SWIFT_OPTIMIZATION_LEVEL = "-Onone";
			};
			name = Debug;
		};
		0472A5BB283246960076F39D /* Release */ = {
			isa = XCBuildConfiguration;
			buildSettings = {
				ALWAYS_SEARCH_USER_PATHS = NO;
				CLANG_ANALYZER_NONNULL = YES;
				CLANG_ANALYZER_NUMBER_OBJECT_CONVERSION = YES_AGGRESSIVE;
				CLANG_CXX_LANGUAGE_STANDARD = "gnu++17";
				CLANG_CXX_LIBRARY = "libc++";
				CLANG_ENABLE_MODULES = YES;
				CLANG_ENABLE_OBJC_ARC = YES;
				CLANG_ENABLE_OBJC_WEAK = YES;
				CLANG_WARN_BLOCK_CAPTURE_AUTORELEASING = YES;
				CLANG_WARN_BOOL_CONVERSION = YES;
				CLANG_WARN_COMMA = YES;
				CLANG_WARN_CONSTANT_CONVERSION = YES;
				CLANG_WARN_DEPRECATED_OBJC_IMPLEMENTATIONS = YES;
				CLANG_WARN_DIRECT_OBJC_ISA_USAGE = YES_ERROR;
				CLANG_WARN_DOCUMENTATION_COMMENTS = YES;
				CLANG_WARN_EMPTY_BODY = YES;
				CLANG_WARN_ENUM_CONVERSION = YES;
				CLANG_WARN_INFINITE_RECURSION = YES;
				CLANG_WARN_INT_CONVERSION = YES;
				CLANG_WARN_NON_LITERAL_NULL_CONVERSION = YES;
				CLANG_WARN_OBJC_IMPLICIT_RETAIN_SELF = YES;
				CLANG_WARN_OBJC_LITERAL_CONVERSION = YES;
				CLANG_WARN_OBJC_ROOT_CLASS = YES_ERROR;
				CLANG_WARN_QUOTED_INCLUDE_IN_FRAMEWORK_HEADER = YES;
				CLANG_WARN_RANGE_LOOP_ANALYSIS = YES;
				CLANG_WARN_STRICT_PROTOTYPES = YES;
				CLANG_WARN_SUSPICIOUS_MOVE = YES;
				CLANG_WARN_UNGUARDED_AVAILABILITY = YES_AGGRESSIVE;
				CLANG_WARN_UNREACHABLE_CODE = YES;
				CLANG_WARN__DUPLICATE_METHOD_MATCH = YES;
				COPY_PHASE_STRIP = NO;
				DEBUG_INFORMATION_FORMAT = "dwarf-with-dsym";
				ENABLE_NS_ASSERTIONS = NO;
				ENABLE_STRICT_OBJC_MSGSEND = YES;
				GCC_C_LANGUAGE_STANDARD = gnu11;
				GCC_NO_COMMON_BLOCKS = YES;
				GCC_WARN_64_TO_32_BIT_CONVERSION = YES;
				GCC_WARN_ABOUT_RETURN_TYPE = YES_ERROR;
				GCC_WARN_UNDECLARED_SELECTOR = YES;
				GCC_WARN_UNINITIALIZED_AUTOS = YES_AGGRESSIVE;
				GCC_WARN_UNUSED_FUNCTION = YES;
				GCC_WARN_UNUSED_VARIABLE = YES;
				IPHONEOS_DEPLOYMENT_TARGET = 15.0;
				MTL_ENABLE_DEBUG_INFO = NO;
				MTL_FAST_MATH = YES;
				SDKROOT = iphoneos;
				SWIFT_COMPILATION_MODE = wholemodule;
				SWIFT_OPTIMIZATION_LEVEL = "-O";
				VALIDATE_PRODUCT = YES;
			};
			name = Release;
		};
		0472A5BD283246960076F39D /* Debug */ = {
			isa = XCBuildConfiguration;
			baseConfigurationReference = 02E5887C05147176A751A4BD /* Pods-QBittorrentClient.debug.xcconfig */;
			buildSettings = {
				ASSETCATALOG_COMPILER_APPICON_NAME = AppIcon;
				ASSETCATALOG_COMPILER_GLOBAL_ACCENT_COLOR_NAME = AccentColor;
				CODE_SIGN_IDENTITY = "Apple Development";
				"CODE_SIGN_IDENTITY[sdk=iphoneos*]" = "iPhone Developer";
				CODE_SIGN_STYLE = Manual;
				CURRENT_PROJECT_VERSION = 1;
				DEVELOPMENT_TEAM = "";
				"DEVELOPMENT_TEAM[sdk=iphoneos*]" = Q7V7THHW6R;
				GENERATE_INFOPLIST_FILE = YES;
				INFOPLIST_FILE = QBittorrentClient/Info.plist;
				INFOPLIST_KEY_CFBundleDisplayName = QBittorrent;
				INFOPLIST_KEY_UIApplicationSupportsIndirectInputEvents = YES;
				INFOPLIST_KEY_UILaunchStoryboardName = LaunchScreen;
				INFOPLIST_KEY_UIMainStoryboardFile = Main;
				INFOPLIST_KEY_UISupportedInterfaceOrientations_iPad = "UIInterfaceOrientationPortrait UIInterfaceOrientationPortraitUpsideDown UIInterfaceOrientationLandscapeLeft UIInterfaceOrientationLandscapeRight";
				INFOPLIST_KEY_UISupportedInterfaceOrientations_iPhone = "UIInterfaceOrientationPortrait UIInterfaceOrientationLandscapeLeft UIInterfaceOrientationLandscapeRight";
				LD_RUNPATH_SEARCH_PATHS = (
					"$(inherited)",
					"@executable_path/Frameworks",
				);
				MARKETING_VERSION = 1.0;
				PRODUCT_BUNDLE_IDENTIFIER = com.lj.VideoSort;
				PRODUCT_NAME = "$(TARGET_NAME)";
				PROVISIONING_PROFILE_SPECIFIER = "";
				"PROVISIONING_PROFILE_SPECIFIER[sdk=iphoneos*]" = vs_development;
				SWIFT_EMIT_LOC_STRINGS = YES;
				SWIFT_VERSION = 5.0;
				TARGETED_DEVICE_FAMILY = "1,2";
			};
			name = Debug;
		};
		0472A5BE283246960076F39D /* Release */ = {
			isa = XCBuildConfiguration;
			baseConfigurationReference = 193BB4A99E58124A406D743C /* Pods-QBittorrentClient.release.xcconfig */;
			buildSettings = {
				ASSETCATALOG_COMPILER_APPICON_NAME = AppIcon;
				ASSETCATALOG_COMPILER_GLOBAL_ACCENT_COLOR_NAME = AccentColor;
				CODE_SIGN_IDENTITY = "Apple Development";
				"CODE_SIGN_IDENTITY[sdk=iphoneos*]" = "iPhone Developer";
				CODE_SIGN_STYLE = Manual;
				CURRENT_PROJECT_VERSION = 1;
				DEVELOPMENT_TEAM = "";
				"DEVELOPMENT_TEAM[sdk=iphoneos*]" = Q7V7THHW6R;
				GENERATE_INFOPLIST_FILE = YES;
				INFOPLIST_FILE = QBittorrentClient/Info.plist;
				INFOPLIST_KEY_CFBundleDisplayName = QBittorrent;
				INFOPLIST_KEY_UIApplicationSupportsIndirectInputEvents = YES;
				INFOPLIST_KEY_UILaunchStoryboardName = LaunchScreen;
				INFOPLIST_KEY_UIMainStoryboardFile = Main;
				INFOPLIST_KEY_UISupportedInterfaceOrientations_iPad = "UIInterfaceOrientationPortrait UIInterfaceOrientationPortraitUpsideDown UIInterfaceOrientationLandscapeLeft UIInterfaceOrientationLandscapeRight";
				INFOPLIST_KEY_UISupportedInterfaceOrientations_iPhone = "UIInterfaceOrientationPortrait UIInterfaceOrientationLandscapeLeft UIInterfaceOrientationLandscapeRight";
				LD_RUNPATH_SEARCH_PATHS = (
					"$(inherited)",
					"@executable_path/Frameworks",
				);
				MARKETING_VERSION = 1.0;
				PRODUCT_BUNDLE_IDENTIFIER = com.lj.VideoSort;
				PRODUCT_NAME = "$(TARGET_NAME)";
				PROVISIONING_PROFILE_SPECIFIER = "";
				"PROVISIONING_PROFILE_SPECIFIER[sdk=iphoneos*]" = vs_development;
				SWIFT_EMIT_LOC_STRINGS = YES;
				SWIFT_VERSION = 5.0;
				TARGETED_DEVICE_FAMILY = "1,2";
			};
			name = Release;
		};
		0472A5C0283246960076F39D /* Debug */ = {
			isa = XCBuildConfiguration;
			baseConfigurationReference = 6CEECBE278EB1C60FE184D5A /* Pods-QBittorrentClientTests.debug.xcconfig */;
			buildSettings = {
				ALWAYS_EMBED_SWIFT_STANDARD_LIBRARIES = YES;
				BUNDLE_LOADER = "$(TEST_HOST)";
				CODE_SIGN_STYLE = Automatic;
				CURRENT_PROJECT_VERSION = 1;
				DEVELOPMENT_TEAM = 37G8Q52T2C;
				GENERATE_INFOPLIST_FILE = YES;
				IPHONEOS_DEPLOYMENT_TARGET = 15.0;
				LD_RUNPATH_SEARCH_PATHS = (
					"$(inherited)",
					"@executable_path/Frameworks",
					"@loader_path/Frameworks",
				);
				MARKETING_VERSION = 1.0;
				PRODUCT_BUNDLE_IDENTIFIER = com.lijie.QBittorrentClientTests;
				PRODUCT_NAME = "$(TARGET_NAME)";
				SWIFT_EMIT_LOC_STRINGS = NO;
				SWIFT_VERSION = 5.0;
				TARGETED_DEVICE_FAMILY = "1,2";
				TEST_HOST = "$(BUILT_PRODUCTS_DIR)/QBittorrentClient.app/QBittorrentClient";
			};
			name = Debug;
		};
		0472A5C1283246960076F39D /* Release */ = {
			isa = XCBuildConfiguration;
			baseConfigurationReference = 06DFCA655F238E47D1872B68 /* Pods-QBittorrentClientTests.release.xcconfig */;
			buildSettings = {
				ALWAYS_EMBED_SWIFT_STANDARD_LIBRARIES = YES;
				BUNDLE_LOADER = "$(TEST_HOST)";
				"CODE_SIGN_IDENTITY[sdk=macosx*]" = "Apple Development";
				CODE_SIGN_STYLE = Automatic;
				CURRENT_PROJECT_VERSION = 1;
				DEVELOPMENT_TEAM = 37G8Q52T2C;
				GENERATE_INFOPLIST_FILE = YES;
				IPHONEOS_DEPLOYMENT_TARGET = 15.0;
				LD_RUNPATH_SEARCH_PATHS = (
					"$(inherited)",
					"@executable_path/Frameworks",
					"@loader_path/Frameworks",
				);
				MARKETING_VERSION = 1.0;
				PRODUCT_BUNDLE_IDENTIFIER = com.lijie.QBittorrentClientTests;
				PRODUCT_NAME = "$(TARGET_NAME)";
				SWIFT_EMIT_LOC_STRINGS = NO;
				SWIFT_VERSION = 5.0;
				TARGETED_DEVICE_FAMILY = "1,2";
				TEST_HOST = "$(BUILT_PRODUCTS_DIR)/QBittorrentClient.app/QBittorrentClient";
			};
			name = Release;
		};
		0472A5C3283246960076F39D /* Debug */ = {
			isa = XCBuildConfiguration;
			baseConfigurationReference = CD18A19631EDAB830DCB43DC /* Pods-QBittorrentClient-QBittorrentClientUITests.debug.xcconfig */;
			buildSettings = {
				ALWAYS_EMBED_SWIFT_STANDARD_LIBRARIES = YES;
				CODE_SIGN_STYLE = Automatic;
				CURRENT_PROJECT_VERSION = 1;
				DEVELOPMENT_TEAM = 37G8Q52T2C;
				GENERATE_INFOPLIST_FILE = YES;
				LD_RUNPATH_SEARCH_PATHS = (
					"$(inherited)",
					"@executable_path/Frameworks",
					"@loader_path/Frameworks",
				);
				MARKETING_VERSION = 1.0;
				PRODUCT_BUNDLE_IDENTIFIER = com.lijie.QBittorrentClientUITests;
				PRODUCT_NAME = "$(TARGET_NAME)";
				SWIFT_EMIT_LOC_STRINGS = NO;
				SWIFT_VERSION = 5.0;
				TARGETED_DEVICE_FAMILY = "1,2";
				TEST_TARGET_NAME = QBittorrentClient;
			};
			name = Debug;
		};
		0472A5C4283246960076F39D /* Release */ = {
			isa = XCBuildConfiguration;
			baseConfigurationReference = 76CA01A16C12C111C11C33BA /* Pods-QBittorrentClient-QBittorrentClientUITests.release.xcconfig */;
			buildSettings = {
				ALWAYS_EMBED_SWIFT_STANDARD_LIBRARIES = YES;
				CODE_SIGN_STYLE = Automatic;
				CURRENT_PROJECT_VERSION = 1;
				DEVELOPMENT_TEAM = 37G8Q52T2C;
				GENERATE_INFOPLIST_FILE = YES;
				LD_RUNPATH_SEARCH_PATHS = (
					"$(inherited)",
					"@executable_path/Frameworks",
					"@loader_path/Frameworks",
				);
				MARKETING_VERSION = 1.0;
				PRODUCT_BUNDLE_IDENTIFIER = com.lijie.QBittorrentClientUITests;
				PRODUCT_NAME = "$(TARGET_NAME)";
				SWIFT_EMIT_LOC_STRINGS = NO;
				SWIFT_VERSION = 5.0;
				TARGETED_DEVICE_FAMILY = "1,2";
				TEST_TARGET_NAME = QBittorrentClient;
			};
			name = Release;
		};
/* End XCBuildConfiguration section */

/* Begin XCConfigurationList section */
		0472A58D283246950076F39D /* Build configuration list for PBXProject "QBittorrentClient" */ = {
			isa = XCConfigurationList;
			buildConfigurations = (
				0472A5BA283246960076F39D /* Debug */,
				0472A5BB283246960076F39D /* Release */,
			);
			defaultConfigurationIsVisible = 0;
			defaultConfigurationName = Release;
		};
		0472A5BC283246960076F39D /* Build configuration list for PBXNativeTarget "QBittorrentClient" */ = {
			isa = XCConfigurationList;
			buildConfigurations = (
				0472A5BD283246960076F39D /* Debug */,
				0472A5BE283246960076F39D /* Release */,
			);
			defaultConfigurationIsVisible = 0;
			defaultConfigurationName = Release;
		};
		0472A5BF283246960076F39D /* Build configuration list for PBXNativeTarget "QBittorrentClientTests" */ = {
			isa = XCConfigurationList;
			buildConfigurations = (
				0472A5C0283246960076F39D /* Debug */,
				0472A5C1283246960076F39D /* Release */,
			);
			defaultConfigurationIsVisible = 0;
			defaultConfigurationName = Release;
		};
		0472A5C2283246960076F39D /* Build configuration list for PBXNativeTarget "QBittorrentClientUITests" */ = {
			isa = XCConfigurationList;
			buildConfigurations = (
				0472A5C3283246960076F39D /* Debug */,
				0472A5C4283246960076F39D /* Release */,
			);
			defaultConfigurationIsVisible = 0;
			defaultConfigurationName = Release;
		};
/* End XCConfigurationList section */
	};
	rootObject = 0472A58A283246950076F39D /* Project object */;
}
